// !$*UTF8*$!
{
	archiveVersion = 1;
	classes = {
	};
	objectVersion = 56;
	objects = {

/* Begin PBXBuildFile section */
		5FB6A16E2B75091600790B18 /* MorzeToolApp.swift in Sources */ = {isa = PBXBuildFile; fileRef = 5FB6A16D2B75091600790B18 /* MorzeToolApp.swift */; };
		5FB6A1702B75091600790B18 /* ContentView.swift in Sources */ = {isa = PBXBuildFile; fileRef = 5FB6A16F2B75091600790B18 /* ContentView.swift */; };
		5FB6A1722B75091800790B18 /* Assets.xcassets in Resources */ = {isa = PBXBuildFile; fileRef = 5FB6A1712B75091800790B18 /* Assets.xcassets */; };
		5FB6A1752B75091800790B18 /* Preview Assets.xcassets in Resources */ = {isa = PBXBuildFile; fileRef = 5FB6A1742B75091800790B18 /* Preview Assets.xcassets */; };
		5FB6A17D2B75092700790B18 /* MorzeService.swift in Sources */ = {isa = PBXBuildFile; fileRef = 5FB6A17C2B75092600790B18 /* MorzeService.swift */; };
		5FB6A1852B750A6900790B18 /* MorzeToolView.swift in Sources */ = {isa = PBXBuildFile; fileRef = 5FB6A1842B750A6900790B18 /* MorzeToolView.swift */; };
/* End PBXBuildFile section */

/* Begin PBXFileReference section */
		5FB6A16A2B75091600790B18 /* MorzeTool.app */ = {isa = PBXFileReference; explicitFileType = wrapper.application; includeInIndex = 0; path = MorzeTool.app; sourceTree = BUILT_PRODUCTS_DIR; };
		5FB6A16D2B75091600790B18 /* MorzeToolApp.swift */ = {isa = PBXFileReference; lastKnownFileType = sourcecode.swift; path = MorzeToolApp.swift; sourceTree = "<group>"; };
		5FB6A16F2B75091600790B18 /* ContentView.swift */ = {isa = PBXFileReference; lastKnownFileType = sourcecode.swift; path = ContentView.swift; sourceTree = "<group>"; };
		5FB6A1712B75091800790B18 /* Assets.xcassets */ = {isa = PBXFileReference; lastKnownFileType = folder.assetcatalog; path = Assets.xcassets; sourceTree = "<group>"; };
		5FB6A1742B75091800790B18 /* Preview Assets.xcassets */ = {isa = PBXFileReference; lastKnownFileType = folder.assetcatalog; path = "Preview Assets.xcassets"; sourceTree = "<group>"; };
		5FB6A17C2B75092600790B18 /* MorzeService.swift */ = {isa = PBXFileReference; fileEncoding = 4; lastKnownFileType = sourcecode.swift; path = MorzeService.swift; sourceTree = "<group>"; };
		5FB6A1842B750A6900790B18 /* MorzeToolView.swift */ = {isa = PBXFileReference; lastKnownFileType = sourcecode.swift; path = MorzeToolView.swift; sourceTree = "<group>"; };
/* End PBXFileReference section */

/* Begin PBXFrameworksBuildPhase section */
		5FB6A1672B75091600790B18 /* Frameworks */ = {
			isa = PBXFrameworksBuildPhase;
			buildActionMask = 2147483647;
			files = (
			);
			runOnlyForDeploymentPostprocessing = 0;
		};
/* End PBXFrameworksBuildPhase section */

/* Begin PBXGroup section */
		5FB6A1612B75091600790B18 = {
			isa = PBXGroup;
			children = (
				5FB6A16C2B75091600790B18 /* MorzeTool */,
				5FB6A16B2B75091600790B18 /* Products */,
			);
			sourceTree = "<group>";
		};
		5FB6A16B2B75091600790B18 /* Products */ = {
			isa = PBXGroup;
			children = (
				5FB6A16A2B75091600790B18 /* MorzeTool.app */,
			);
			name = Products;
			sourceTree = "<group>";
		};
		5FB6A16C2B75091600790B18 /* MorzeTool */ = {
			isa = PBXGroup;
			children = (
				5FB6A17F2B75097800790B18 /* App */,
				5FB6A1802B75097E00790B18 /* Core */,
				5FB6A17B2B75092600790B18 /* Service */,
				5FB6A1712B75091800790B18 /* Assets.xcassets */,
				5FB6A1732B75091800790B18 /* Preview Content */,
			);
			path = MorzeTool;
			sourceTree = "<group>";
		};
		5FB6A1732B75091800790B18 /* Preview Content */ = {
			isa = PBXGroup;
			children = (
				5FB6A1742B75091800790B18 /* Preview Assets.xcassets */,
			);
			path = "Preview Content";
			sourceTree = "<group>";
		};
		5FB6A17B2B75092600790B18 /* Service */ = {
			isa = PBXGroup;
			children = (
				5FB6A17C2B75092600790B18 /* MorzeService.swift */,
			);
			path = Service;
			sourceTree = "<group>";
		};
		5FB6A17F2B75097800790B18 /* App */ = {
			isa = PBXGroup;
			children = (
				5FB6A16D2B75091600790B18 /* MorzeToolApp.swift */,
				5FB6A16F2B75091600790B18 /* ContentView.swift */,
			);
			path = App;
			sourceTree = "<group>";
		};
		5FB6A1802B75097E00790B18 /* Core */ = {
			isa = PBXGroup;
			children = (
				5FB6A1812B75098200790B18 /* View */,
				5FB6A1832B75099F00790B18 /* ViewModel */,
			);
			path = Core;
			sourceTree = "<group>";
		};
		5FB6A1812B75098200790B18 /* View */ = {
			isa = PBXGroup;
			children = (
				5FB6A1842B750A6900790B18 /* MorzeToolView.swift */,
			);
			path = View;
			sourceTree = "<group>";
		};
		5FB6A1832B75099F00790B18 /* ViewModel */ = {
			isa = PBXGroup;
			children = (
			);
			path = ViewModel;
			sourceTree = "<group>";
		};
/* End PBXGroup section */

/* Begin PBXNativeTarget section */
		5FB6A1692B75091600790B18 /* MorzeTool */ = {
			isa = PBXNativeTarget;
			buildConfigurationList = 5FB6A1782B75091800790B18 /* Build configuration list for PBXNativeTarget "MorzeTool" */;
			buildPhases = (
				5FB6A1662B75091600790B18 /* Sources */,
				5FB6A1672B75091600790B18 /* Frameworks */,
				5FB6A1682B75091600790B18 /* Resources */,
			);
			buildRules = (
			);
			dependencies = (
			);
			name = MorzeTool;
			productName = MorzeTool;
			productReference = 5FB6A16A2B75091600790B18 /* MorzeTool.app */;
			productType = "com.apple.product-type.application";
		};
/* End PBXNativeTarget section */

/* Begin PBXProject section */
		5FB6A1622B75091600790B18 /* Project object */ = {
			isa = PBXProject;
			attributes = {
				BuildIndependentTargetsInParallel = 1;
				LastSwiftUpdateCheck = 1500;
				LastUpgradeCheck = 1500;
				TargetAttributes = {
					5FB6A1692B75091600790B18 = {
						CreatedOnToolsVersion = 15.0.1;
					};
				};
			};
			buildConfigurationList = 5FB6A1652B75091600790B18 /* Build configuration list for PBXProject "MorzeTool" */;
			compatibilityVersion = "Xcode 14.0";
			developmentRegion = en;
			hasScannedForEncodings = 0;
			knownRegions = (
				en,
				Base,
			);
			mainGroup = 5FB6A1612B75091600790B18;
			productRefGroup = 5FB6A16B2B75091600790B18 /* Products */;
			projectDirPath = "";
			projectRoot = "";
			targets = (
				5FB6A1692B75091600790B18 /* MorzeTool */,
			);
		};
/* End PBXProject section */

/* Begin PBXResourcesBuildPhase section */
		5FB6A1682B75091600790B18 /* Resources */ = {
			isa = PBXResourcesBuildPhase;
			buildActionMask = 2147483647;
			files = (
				5FB6A1752B75091800790B18 /* Preview Assets.xcassets in Resources */,
				5FB6A1722B75091800790B18 /* Assets.xcassets in Resources */,
			);
			runOnlyForDeploymentPostprocessing = 0;
		};
/* End PBXResourcesBuildPhase section */

/* Begin PBXSourcesBuildPhase section */
		5FB6A1662B75091600790B18 /* Sources */ = {
			isa = PBXSourcesBuildPhase;
			buildActionMask = 2147483647;
			files = (
				5FB6A1852B750A6900790B18 /* MorzeToolView.swift in Sources */,
				5FB6A1702B75091600790B18 /* ContentView.swift in Sources */,
				5FB6A16E2B75091600790B18 /* MorzeToolApp.swift in Sources */,
				5FB6A17D2B75092700790B18 /* MorzeService.swift in Sources */,
			);
			runOnlyForDeploymentPostprocessing = 0;
		};
/* End PBXSourcesBuildPhase section */

/* Begin XCBuildConfiguration section */
		5FB6A1762B75091800790B18 /* Debug */ = {
			isa = XCBuildConfiguration;
			buildSettings = {
				ALWAYS_SEARCH_USER_PATHS = NO;
				ASSETCATALOG_COMPILER_GENERATE_SWIFT_ASSET_SYMBOL_EXTENSIONS = YES;
				CLANG_ANALYZER_NONNULL = YES;
				CLANG_ANALYZER_NUMBER_OBJECT_CONVERSION = YES_AGGRESSIVE;
				CLANG_CXX_LANGUAGE_STANDARD = "gnu++20";
				CLANG_ENABLE_MODULES = YES;
				CLANG_ENABLE_OBJC_ARC = YES;
				CLANG_ENABLE_OBJC_WEAK = YES;
				CLANG_WARN_BLOCK_CAPTURE_AUTORELEASING = YES;
				CLANG_WARN_BOOL_CONVERSION = YES;
				CLANG_WARN_COMMA = YES;
				CLANG_WARN_CONSTANT_CONVERSION = YES;
				CLANG_WARN_DEPRECATED_OBJC_IMPLEMENTATIONS = YES;
				CLANG_WARN_DIRECT_OBJC_ISA_USAGE = YES_ERROR;
				CLANG_WARN_DOCUMENTATION_COMMENTS = YES;
				CLANG_WARN_EMPTY_BODY = YES;
				CLANG_WARN_ENUM_CONVERSION = YES;
				CLANG_WARN_INFINITE_RECURSION = YES;
				CLANG_WARN_INT_CONVERSION = YES;
				CLANG_WARN_NON_LITERAL_NULL_CONVERSION = YES;
				CLANG_WARN_OBJC_IMPLICIT_RETAIN_SELF = YES;
				CLANG_WARN_OBJC_LITERAL_CONVERSION = YES;
				CLANG_WARN_OBJC_ROOT_CLASS = YES_ERROR;
				CLANG_WARN_QUOTED_INCLUDE_IN_FRAMEWORK_HEADER = YES;
				CLANG_WARN_RANGE_LOOP_ANALYSIS = YES;
				CLANG_WARN_STRICT_PROTOTYPES = YES;
				CLANG_WARN_SUSPICIOUS_MOVE = YES;
				CLANG_WARN_UNGUARDED_AVAILABILITY = YES_AGGRESSIVE;
				CLANG_WARN_UNREACHABLE_CODE = YES;
				CLANG_WARN__DUPLICATE_METHOD_MATCH = YES;
				COPY_PHASE_STRIP = NO;
				DEBUG_INFORMATION_FORMAT = dwarf;
				ENABLE_STRICT_OBJC_MSGSEND = YES;
				ENABLE_TESTABILITY = YES;
				ENABLE_USER_SCRIPT_SANDBOXING = YES;
				GCC_C_LANGUAGE_STANDARD = gnu17;
				GCC_DYNAMIC_NO_PIC = NO;
				GCC_NO_COMMON_BLOCKS = YES;
				GCC_OPTIMIZATION_LEVEL = 0;
				GCC_PREPROCESSOR_DEFINITIONS = (
					"DEBUG=1",
					"$(inherited)",
				);
				GCC_WARN_64_TO_32_BIT_CONVERSION = YES;
				GCC_WARN_ABOUT_RETURN_TYPE = YES_ERROR;
				GCC_WARN_UNDECLARED_SELECTOR = YES;
				GCC_WARN_UNINITIALIZED_AUTOS = YES_AGGRESSIVE;
				GCC_WARN_UNUSED_FUNCTION = YES;
				GCC_WARN_UNUSED_VARIABLE = YES;
				IPHONEOS_DEPLOYMENT_TARGET = 17.0;
				LOCALIZATION_PREFERS_STRING_CATALOGS = YES;
				MTL_ENABLE_DEBUG_INFO = INCLUDE_SOURCE;
				MTL_FAST_MATH = YES;
				ONLY_ACTIVE_ARCH = YES;
				SDKROOT = iphoneos;
				SWIFT_ACTIVE_COMPILATION_CONDITIONS = "DEBUG $(inherited)";
				SWIFT_OPTIMIZATION_LEVEL = "-Onone";
			};
			name = Debug;
		};
		5FB6A1772B75091800790B18 /* Release */ = {
			isa = XCBuildConfiguration;
			buildSettings = {
				ALWAYS_SEARCH_USER_PATHS = NO;
				ASSETCATALOG_COMPILER_GENERATE_SWIFT_ASSET_SYMBOL_EXTENSIONS = YES;
				CLANG_ANALYZER_NONNULL = YES;
				CLANG_ANALYZER_NUMBER_OBJECT_CONVERSION = YES_AGGRESSIVE;
				CLANG_CXX_LANGUAGE_STANDARD = "gnu++20";
				CLANG_ENABLE_MODULES = YES;
				CLANG_ENABLE_OBJC_ARC = YES;
				CLANG_ENABLE_OBJC_WEAK = YES;
				CLANG_WARN_BLOCK_CAPTURE_AUTORELEASING = YES;
				CLANG_WARN_BOOL_CONVERSION = YES;
				CLANG_WARN_COMMA = YES;
				CLANG_WARN_CONSTANT_CONVERSION = YES;
				CLANG_WARN_DEPRECATED_OBJC_IMPLEMENTATIONS = YES;
				CLANG_WARN_DIRECT_OBJC_ISA_USAGE = YES_ERROR;
				CLANG_WARN_DOCUMENTATION_COMMENTS = YES;
				CLANG_WARN_EMPTY_BODY = YES;
				CLANG_WARN_ENUM_CONVERSION = YES;
				CLANG_WARN_INFINITE_RECURSION = YES;
				CLANG_WARN_INT_CONVERSION = YES;
				CLANG_WARN_NON_LITERAL_NULL_CONVERSION = YES;
				CLANG_WARN_OBJC_IMPLICIT_RETAIN_SELF = YES;
				CLANG_WARN_OBJC_LITERAL_CONVERSION = YES;
				CLANG_WARN_OBJC_ROOT_CLASS = YES_ERROR;
				CLANG_WARN_QUOTED_INCLUDE_IN_FRAMEWORK_HEADER = YES;
				CLANG_WARN_RANGE_LOOP_ANALYSIS = YES;
				CLANG_WARN_STRICT_PROTOTYPES = YES;
				CLANG_WARN_SUSPICIOUS_MOVE = YES;
				CLANG_WARN_UNGUARDED_AVAILABILITY = YES_AGGRESSIVE;
				CLANG_WARN_UNREACHABLE_CODE = YES;
				CLANG_WARN__DUPLICATE_METHOD_MATCH = YES;
				COPY_PHASE_STRIP = NO;
				DEBUG_INFORMATION_FORMAT = "dwarf-with-dsym";
				ENABLE_NS_ASSERTIONS = NO;
				ENABLE_STRICT_OBJC_MSGSEND = YES;
				ENABLE_USER_SCRIPT_SANDBOXING = YES;
				GCC_C_LANGUAGE_STANDARD = gnu17;
				GCC_NO_COMMON_BLOCKS = YES;
				GCC_WARN_64_TO_32_BIT_CONVERSION = YES;
				GCC_WARN_ABOUT_RETURN_TYPE = YES_ERROR;
				GCC_WARN_UNDECLARED_SELECTOR = YES;
				GCC_WARN_UNINITIALIZED_AUTOS = YES_AGGRESSIVE;
				GCC_WARN_UNUSED_FUNCTION = YES;
				GCC_WARN_UNUSED_VARIABLE = YES;
				IPHONEOS_DEPLOYMENT_TARGET = 17.0;
				LOCALIZATION_PREFERS_STRING_CATALOGS = YES;
				MTL_ENABLE_DEBUG_INFO = NO;
				MTL_FAST_MATH = YES;
				SDKROOT = iphoneos;
				SWIFT_COMPILATION_MODE = wholemodule;
				VALIDATE_PRODUCT = YES;
			};
			name = Release;
		};
		5FB6A1792B75091800790B18 /* Debug */ = {
			isa = XCBuildConfiguration;
			buildSettings = {
				ASSETCATALOG_COMPILER_APPICON_NAME = AppIcon;
				ASSETCATALOG_COMPILER_GLOBAL_ACCENT_COLOR_NAME = AccentColor;
				CODE_SIGN_STYLE = Automatic;
				CURRENT_PROJECT_VERSION = 1;
				DEVELOPMENT_ASSET_PATHS = "\"MorzeTool/Preview Content\"";
				DEVELOPMENT_TEAM = PU9LYPLT6X;
				ENABLE_PREVIEWS = YES;
				GENERATE_INFOPLIST_FILE = YES;
				INFOPLIST_KEY_UIApplicationSceneManifest_Generation = YES;
				INFOPLIST_KEY_UIApplicationSupportsIndirectInputEvents = YES;
				INFOPLIST_KEY_UILaunchScreen_Generation = YES;
				INFOPLIST_KEY_UISupportedInterfaceOrientations_iPad = "UIInterfaceOrientationPortrait UIInterfaceOrientationPortraitUpsideDown UIInterfaceOrientationLandscapeLeft UIInterfaceOrientationLandscapeRight";
				INFOPLIST_KEY_UISupportedInterfaceOrientations_iPhone = "UIInterfaceOrientationPortrait UIInterfaceOrientationLandscapeLeft UIInterfaceOrientationLandscapeRight";
				LD_RUNPATH_SEARCH_PATHS = (
					"$(inherited)",
					"@executable_path/Frameworks",
				);
				MARKETING_VERSION = 1.0;
				PRODUCT_BUNDLE_IDENTIFIER = com.diona.MorzeTool;
				PRODUCT_NAME = "$(TARGET_NAME)";
				SWIFT_EMIT_LOC_STRINGS = YES;
				SWIFT_VERSION = 5.0;
				TARGETED_DEVICE_FAMILY = "1,2";
			};
			name = Debug;
		};
		5FB6A17A2B75091800790B18 /* Release */ = {
			isa = XCBuildConfiguration;
			buildSettings = {
				ASSETCATALOG_COMPILER_APPICON_NAME = AppIcon;
				ASSETCATALOG_COMPILER_GLOBAL_ACCENT_COLOR_NAME = AccentColor;
				CODE_SIGN_STYLE = Automatic;
				CURRENT_PROJECT_VERSION = 1;
				DEVELOPMENT_ASSET_PATHS = "\"MorzeTool/Preview Content\"";
				DEVELOPMENT_TEAM = PU9LYPLT6X;
				ENABLE_PREVIEWS = YES;
				GENERATE_INFOPLIST_FILE = YES;
				INFOPLIST_KEY_UIApplicationSceneManifest_Generation = YES;
				INFOPLIST_KEY_UIApplicationSupportsIndirectInputEvents = YES;
				INFOPLIST_KEY_UILaunchScreen_Generation = YES;
				INFOPLIST_KEY_UISupportedInterfaceOrientations_iPad = "UIInterfaceOrientationPortrait UIInterfaceOrientationPortraitUpsideDown UIInterfaceOrientationLandscapeLeft UIInterfaceOrientationLandscapeRight";
				INFOPLIST_KEY_UISupportedInterfaceOrientations_iPhone = "UIInterfaceOrientationPortrait UIInterfaceOrientationLandscapeLeft UIInterfaceOrientationLandscapeRight";
				LD_RUNPATH_SEARCH_PATHS = (
					"$(inherited)",
					"@executable_path/Frameworks",
				);
				MARKETING_VERSION = 1.0;
				PRODUCT_BUNDLE_IDENTIFIER = com.diona.MorzeTool;
				PRODUCT_NAME = "$(TARGET_NAME)";
				SWIFT_EMIT_LOC_STRINGS = YES;
				SWIFT_VERSION = 5.0;
				TARGETED_DEVICE_FAMILY = "1,2";
			};
			name = Release;
		};
/* End XCBuildConfiguration section */

/* Begin XCConfigurationList section */
		5FB6A1652B75091600790B18 /* Build configuration list for PBXProject "MorzeTool" */ = {
			isa = XCConfigurationList;
			buildConfigurations = (
				5FB6A1762B75091800790B18 /* Debug */,
				5FB6A1772B75091800790B18 /* Release */,
			);
			defaultConfigurationIsVisible = 0;
			defaultConfigurationName = Release;
		};
		5FB6A1782B75091800790B18 /* Build configuration list for PBXNativeTarget "MorzeTool" */ = {
			isa = XCConfigurationList;
			buildConfigurations = (
				5FB6A1792B75091800790B18 /* Debug */,
				5FB6A17A2B75091800790B18 /* Release */,
			);
			defaultConfigurationIsVisible = 0;
			defaultConfigurationName = Release;
		};
/* End XCConfigurationList section */
	};
	rootObject = 5FB6A1622B75091600790B18 /* Project object */;
}
